
Microsoft Visual Studio Solution File, Format Version 12.00
# Visual Studio Version 17
VisualStudioVersion = 17.5.002.0
MinimumVisualStudioVersion = 10.0.40219.1
Project("{2150E333-8FDC-42A3-9474-1A3956D46DE8}") = "Finished", "Finished", "{BAEF123B-964E-4F93-8497-27FAC86ABDE4}"
EndProject
Project("{2150E333-8FDC-42A3-9474-1A3956D46DE8}") = "Ch1", "Ch1", "{BDF0A5BC-CFCF-452B-92FA-F96D4A80FE50}"
EndProject
Project("{9A19103F-16F7-4668-BE54-9A1E7A4F7556}") = "PropsMethods", "Finished\Ch1\PropsMethods\PropsMethods.csproj", "{B7C997A6-D129-4154-A2B5-6AA287F8964D}"
EndProject
Project("{9A19103F-16F7-4668-BE54-9A1E7A4F7556}") = "AccessModifiers", "Finished\Ch1\AccessModifiers\AccessModifiers.csproj", "{9B5FFFF5-1B4A-448B-BC16-9AD13D902752}"
EndProject
Project("{9A19103F-16F7-4668-BE54-9A1E7A4F7556}") = "classes", "Finished\Ch1\DefineClasses\classes.csproj", "{7BC29692-703D-445B-975A-A7E055D3C5F8}"
EndProject
Project("{9A19103F-16F7-4668-BE54-9A1E7A4F7556}") = "Inheritance", "Finished\Ch1\Inheritance\Inheritance.csproj", "{A3A9E744-7F77-4B5F-BA0F-48DF53E7E02F}"
EndProject
Project("{9A19103F-16F7-4668-BE54-9A1E7A4F7556}") = "AnonTypes", "Finished\Ch1\AnonTypes\AnonTypes.csproj", "{449D68F5-A312-40C6-8C52-1AB913248E74}"
EndProject
Project("{2150E333-8FDC-42A3-9474-1A3956D46DE8}") = "Ch3", "Ch3", "{A1667D2F-094A-40B8-BDBB-452DCA177911}"
EndProject
Project("{9A19103F-16F7-4668-BE54-9A1E7A4F7556}") = "StaticMethods", "Finished\Ch3\StaticMethods\StaticMethods.csproj", "{EA3661B1-4DD0-430D-83F8-FE2FEF657A92}"
EndProject
Project("{9A19103F-16F7-4668-BE54-9A1E7A4F7556}") = "StaticConstructor", "Finished\Ch3\StaticConstructor\StaticConstructor.csproj", "{85414CEC-5698-4B76-8175-38A987C1FDFF}"
EndProject
Project("{9A19103F-16F7-4668-BE54-9A1E7A4F7556}") = "StaticClasses", "Finished\Ch3\StaticClasses\StaticClasses.csproj", "{66A13BE9-3870-4517-9B3A-E26B54B781E0}"
EndProject
Project("{9A19103F-16F7-4668-BE54-9A1E7A4F7556}") = "Challenge", "Finished\Ch3\Challenge\Challenge.csproj", "{2B9230E6-8CBA-43B0-ACEB-3BE57524ED75}"
EndProject
Project("{2150E333-8FDC-42A3-9474-1A3956D46DE8}") = "Ch4", "Ch4", "{F05D3807-7A97-4476-A217-0732BE2F7735}"
EndProject
Project("{9A19103F-16F7-4668-BE54-9A1E7A4F7556}") = "AbstractPropsFuncs", "Finished\Ch4\AbstractPropsFuncs\AbstractPropsFuncs.csproj", "{4AA8860B-87CE-4A1A-8A88-E4D07E7F383D}"
EndProject
Project("{9A19103F-16F7-4668-BE54-9A1E7A4F7556}") = "SealedClasses", "Finished\Ch4\SealedClasses\SealedClasses.csproj", "{7ADC9C54-72D6-4D91-8789-F8A3BDD5F25A}"
EndProject
Project("{9A19103F-16F7-4668-BE54-9A1E7A4F7556}") = "Challenge", "Finished\Ch4\Challenge\Challenge.csproj", "{B09984F8-E686-4756-B4C2-F39A97AB6007}"
EndProject
Project("{9A19103F-16F7-4668-BE54-9A1E7A4F7556}") = "AbstractClasses", "Finished\Ch4\AbstractClasses\AbstractClasses.csproj", "{E3BA19BF-25D8-4007-AB03-3235CFD109C0}"
EndProject
Project("{2150E333-8FDC-42A3-9474-1A3956D46DE8}") = "Ch2", "Ch2", "{630BA36A-BC85-46C7-8F4B-4A488A53CD3C}"
EndProject
Project("{9A19103F-16F7-4668-BE54-9A1E7A4F7556}") = "InitProps", "Finished\Ch2\InitProps\InitProps.csproj", "{B9B5B2DB-D218-4FDC-A468-A30BEA8BD305}"
EndProject
Project("{9A19103F-16F7-4668-BE54-9A1E7A4F7556}") = "RequiredProps", "Finished\Ch2\RequiredProps\RequiredProps.csproj", "{03796D91-42C9-4A03-8FE4-63AB5EA313F6}"
EndProject
Project("{9A19103F-16F7-4668-BE54-9A1E7A4F7556}") = "ReadonlyProps", "Finished\Ch2\ReadonlyProps\ReadonlyProps.csproj", "{4EE0B19C-0D47-4C3F-84BD-2448822DB8F7}"
EndProject
Project("{9A19103F-16F7-4668-BE54-9A1E7A4F7556}") = "Challenge", "Finished\Ch2\Challenge\Challenge.csproj", "{29F8F2BD-D1AA-4E4E-82F2-DBBAAC62052B}"
EndProject
Project("{9A19103F-16F7-4668-BE54-9A1E7A4F7556}") = "ObjectInitializers", "Finished\Ch2\ObjectInitializers\ObjectInitializers.csproj", "{47697441-6956-41CA-9F5E-903014A9A611}"
EndProject
Project("{2150E333-8FDC-42A3-9474-1A3956D46DE8}") = "Start", "Start", "{1D28688C-D6F2-4503-A21C-83EE52B7138A}"
EndProject
Project("{2150E333-8FDC-42A3-9474-1A3956D46DE8}") = "Ch1", "Ch1", "{3DFB1CE4-D0C2-4354-AEE0-EA6427D92848}"
EndProject
Project("{9A19103F-16F7-4668-BE54-9A1E7A4F7556}") = "PropsMethods", "Start\Ch1\PropsMethods\PropsMethods.csproj", "{4579AC55-C367-4400-AB48-7307388B755E}"
EndProject
Project("{9A19103F-16F7-4668-BE54-9A1E7A4F7556}") = "AccessModifiers", "Start\Ch1\AccessModifiers\AccessModifiers.csproj", "{C7C143AF-4F4E-437B-952F-A757A6DA3031}"
EndProject
Project("{9A19103F-16F7-4668-BE54-9A1E7A4F7556}") = "classes", "Start\Ch1\DefineClasses\classes.csproj", "{83EC3328-ED04-45F2-945A-D1E349FE01B1}"
EndProject
Project("{9A19103F-16F7-4668-BE54-9A1E7A4F7556}") = "Inheritance", "Start\Ch1\Inheritance\Inheritance.csproj", "{8102EF16-266D-42EA-AFEF-E34B92BAFD13}"
EndProject
Project("{9A19103F-16F7-4668-BE54-9A1E7A4F7556}") = "AnonTypes", "Start\Ch1\AnonTypes\AnonTypes.csproj", "{09CC0D87-53F3-4406-8C9F-82758FA072E0}"
EndProject
Project("{2150E333-8FDC-42A3-9474-1A3956D46DE8}") = "Ch3", "Ch3", "{12B8990C-89E0-4DA6-9459-470A1264D941}"
EndProject
Project("{9A19103F-16F7-4668-BE54-9A1E7A4F7556}") = "StaticMethods", "Start\Ch3\StaticMethods\StaticMethods.csproj", "{81968BD6-14F7-4C4A-8420-C2782663124F}"
EndProject
Project("{9A19103F-16F7-4668-BE54-9A1E7A4F7556}") = "StaticConstructor", "Start\Ch3\StaticConstructor\StaticConstructor.csproj", "{6485D87C-FC65-4242-AD80-4DC2435592A0}"
EndProject
Project("{9A19103F-16F7-4668-BE54-9A1E7A4F7556}") = "StaticClasses", "Start\Ch3\StaticClasses\StaticClasses.csproj", "{829454D3-19E8-4E3B-9D87-146EF58C51A3}"
EndProject
Project("{9A19103F-16F7-4668-BE54-9A1E7A4F7556}") = "Challenge", "Start\Ch3\Challenge\Challenge.csproj", "{F1FC9896-2D3A-4FA6-8367-282EEB27168D}"
EndProject
Project("{2150E333-8FDC-42A3-9474-1A3956D46DE8}") = "Ch4", "Ch4", "{00D1B47C-4026-4B90-A660-849D2A3598A6}"
EndProject
Project("{9A19103F-16F7-4668-BE54-9A1E7A4F7556}") = "AbstractPropsFuncs", "Start\Ch4\AbstractPropsFuncs\AbstractPropsFuncs.csproj", "{1ED1AC58-0C9D-4EEE-BAE9-F9B11166E8AA}"
EndProject
Project("{9A19103F-16F7-4668-BE54-9A1E7A4F7556}") = "SealedClasses", "Start\Ch4\SealedClasses\SealedClasses.csproj", "{D951A5C8-B2E3-4864-BA50-E262D56AD730}"
EndProject
Project("{9A19103F-16F7-4668-BE54-9A1E7A4F7556}") = "Challenge", "Start\Ch4\Challenge\Challenge.csproj", "{241101B8-808B-4DD2-84CF-A31C4BFF968D}"
EndProject
Project("{9A19103F-16F7-4668-BE54-9A1E7A4F7556}") = "AbstractClasses", "Start\Ch4\AbstractClasses\AbstractClasses.csproj", "{EAF77448-5267-4D57-A357-4ACBD0E1C997}"
EndProject
Project("{2150E333-8FDC-42A3-9474-1A3956D46DE8}") = "Ch2", "Ch2", "{E50E5869-CFC3-488D-A6D9-5B399E538761}"
EndProject
Project("{9A19103F-16F7-4668-BE54-9A1E7A4F7556}") = "InitProps", "Start\Ch2\InitProps\InitProps.csproj", "{17FF833A-1414-4C93-A932-6E4DA415FC61}"
EndProject
Project("{9A19103F-16F7-4668-BE54-9A1E7A4F7556}") = "RequiredProps", "Start\Ch2\RequiredProps\RequiredProps.csproj", "{7F38F749-E2AA-4B0C-B520-7853A06CAF23}"
EndProject
Project("{9A19103F-16F7-4668-BE54-9A1E7A4F7556}") = "ReadonlyProps", "Start\Ch2\ReadonlyProps\ReadonlyProps.csproj", "{CBC5A275-EA58-4182-8B71-F92A439B34A1}"
EndProject
Project("{9A19103F-16F7-4668-BE54-9A1E7A4F7556}") = "Challenge", "Start\Ch2\Challenge\Challenge.csproj", "{36A02B02-E24D-4E71-B61A-010F7F4D4E5E}"
EndProject
Project("{9A19103F-16F7-4668-BE54-9A1E7A4F7556}") = "ObjectInitializers", "Start\Ch2\ObjectInitializers\ObjectInitializers.csproj", "{3ED0527C-C300-40F0-BA0D-1AD80AB870BA}"
EndProject
Global
	GlobalSection(SolutionConfigurationPlatforms) = preSolution
		Debug|Any CPU = Debug|Any CPU
		Release|Any CPU = Release|Any CPU
	EndGlobalSection
	GlobalSection(ProjectConfigurationPlatforms) = postSolution
		{B7C997A6-D129-4154-A2B5-6AA287F8964D}.Debug|Any CPU.ActiveCfg = Debug|Any CPU
		{B7C997A6-D129-4154-A2B5-6AA287F8964D}.Debug|Any CPU.Build.0 = Debug|Any CPU
		{B7C997A6-D129-4154-A2B5-6AA287F8964D}.Release|Any CPU.ActiveCfg = Release|Any CPU
		{B7C997A6-D129-4154-A2B5-6AA287F8964D}.Release|Any CPU.Build.0 = Release|Any CPU
		{9B5FFFF5-1B4A-448B-BC16-9AD13D902752}.Debug|Any CPU.ActiveCfg = Debug|Any CPU
		{9B5FFFF5-1B4A-448B-BC16-9AD13D902752}.Debug|Any CPU.Build.0 = Debug|Any CPU
		{9B5FFFF5-1B4A-448B-BC16-9AD13D902752}.Release|Any CPU.ActiveCfg = Release|Any CPU
		{9B5FFFF5-1B4A-448B-BC16-9AD13D902752}.Release|Any CPU.Build.0 = Release|Any CPU
		{7BC29692-703D-445B-975A-A7E055D3C5F8}.Debug|Any CPU.ActiveCfg = Debug|Any CPU
		{7BC29692-703D-445B-975A-A7E055D3C5F8}.Debug|Any CPU.Build.0 = Debug|Any CPU
		{7BC29692-703D-445B-975A-A7E055D3C5F8}.Release|Any CPU.ActiveCfg = Release|Any CPU
		{7BC29692-703D-445B-975A-A7E055D3C5F8}.Release|Any CPU.Build.0 = Release|Any CPU
		{A3A9E744-7F77-4B5F-BA0F-48DF53E7E02F}.Debug|Any CPU.ActiveCfg = Debug|Any CPU
		{A3A9E744-7F77-4B5F-BA0F-48DF53E7E02F}.Debug|Any CPU.Build.0 = Debug|Any CPU
		{A3A9E744-7F77-4B5F-BA0F-48DF53E7E02F}.Release|Any CPU.ActiveCfg = Release|Any CPU
		{A3A9E744-7F77-4B5F-BA0F-48DF53E7E02F}.Release|Any CPU.Build.0 = Release|Any CPU
		{449D68F5-A312-40C6-8C52-1AB913248E74}.Debug|Any CPU.ActiveCfg = Debug|Any CPU
		{449D68F5-A312-40C6-8C52-1AB913248E74}.Debug|Any CPU.Build.0 = Debug|Any CPU
		{449D68F5-A312-40C6-8C52-1AB913248E74}.Release|Any CPU.ActiveCfg = Release|Any CPU
		{449D68F5-A312-40C6-8C52-1AB913248E74}.Release|Any CPU.Build.0 = Release|Any CPU
		{EA3661B1-4DD0-430D-83F8-FE2FEF657A92}.Debug|Any CPU.ActiveCfg = Debug|Any CPU
		{EA3661B1-4DD0-430D-83F8-FE2FEF657A92}.Debug|Any CPU.Build.0 = Debug|Any CPU
		{EA3661B1-4DD0-430D-83F8-FE2FEF657A92}.Release|Any CPU.ActiveCfg = Release|Any CPU
		{EA3661B1-4DD0-430D-83F8-FE2FEF657A92}.Release|Any CPU.Build.0 = Release|Any CPU
		{85414CEC-5698-4B76-8175-38A987C1FDFF}.Debug|Any CPU.ActiveCfg = Debug|Any CPU
		{85414CEC-5698-4B76-8175-38A987C1FDFF}.Debug|Any CPU.Build.0 = Debug|Any CPU
		{85414CEC-5698-4B76-8175-38A987C1FDFF}.Release|Any CPU.ActiveCfg = Release|Any CPU
		{85414CEC-5698-4B76-8175-38A987C1FDFF}.Release|Any CPU.Build.0 = Release|Any CPU
		{66A13BE9-3870-4517-9B3A-E26B54B781E0}.Debug|Any CPU.ActiveCfg = Debug|Any CPU
		{66A13BE9-3870-4517-9B3A-E26B54B781E0}.Debug|Any CPU.Build.0 = Debug|Any CPU
		{66A13BE9-3870-4517-9B3A-E26B54B781E0}.Release|Any CPU.ActiveCfg = Release|Any CPU
		{66A13BE9-3870-4517-9B3A-E26B54B781E0}.Release|Any CPU.Build.0 = Release|Any CPU
		{2B9230E6-8CBA-43B0-ACEB-3BE57524ED75}.Debug|Any CPU.ActiveCfg = Debug|Any CPU
		{2B9230E6-8CBA-43B0-ACEB-3BE57524ED75}.Debug|Any CPU.Build.0 = Debug|Any CPU
		{2B9230E6-8CBA-43B0-ACEB-3BE57524ED75}.Release|Any CPU.ActiveCfg = Release|Any CPU
		{2B9230E6-8CBA-43B0-ACEB-3BE57524ED75}.Release|Any CPU.Build.0 = Release|Any CPU
		{4AA8860B-87CE-4A1A-8A88-E4D07E7F383D}.Debug|Any CPU.ActiveCfg = Debug|Any CPU
		{4AA8860B-87CE-4A1A-8A88-E4D07E7F383D}.Debug|Any CPU.Build.0 = Debug|Any CPU
		{4AA8860B-87CE-4A1A-8A88-E4D07E7F383D}.Release|Any CPU.ActiveCfg = Release|Any CPU
		{4AA8860B-87CE-4A1A-8A88-E4D07E7F383D}.Release|Any CPU.Build.0 = Release|Any CPU
		{7ADC9C54-72D6-4D91-8789-F8A3BDD5F25A}.Debug|Any CPU.ActiveCfg = Debug|Any CPU
		{7ADC9C54-72D6-4D91-8789-F8A3BDD5F25A}.Debug|Any CPU.Build.0 = Debug|Any CPU
		{7ADC9C54-72D6-4D91-8789-F8A3BDD5F25A}.Release|Any CPU.ActiveCfg = Release|Any CPU
		{7ADC9C54-72D6-4D91-8789-F8A3BDD5F25A}.Release|Any CPU.Build.0 = Release|Any CPU
		{B09984F8-E686-4756-B4C2-F39A97AB6007}.Debug|Any CPU.ActiveCfg = Debug|Any CPU
		{B09984F8-E686-4756-B4C2-F39A97AB6007}.Debug|Any CPU.Build.0 = Debug|Any CPU
		{B09984F8-E686-4756-B4C2-F39A97AB6007}.Release|Any CPU.ActiveCfg = Release|Any CPU
		{B09984F8-E686-4756-B4C2-F39A97AB6007}.Release|Any CPU.Build.0 = Release|Any CPU
		{E3BA19BF-25D8-4007-AB03-3235CFD109C0}.Debug|Any CPU.ActiveCfg = Debug|Any CPU
		{E3BA19BF-25D8-4007-AB03-3235CFD109C0}.Debug|Any CPU.Build.0 = Debug|Any CPU
		{E3BA19BF-25D8-4007-AB03-3235CFD109C0}.Release|Any CPU.ActiveCfg = Release|Any CPU
		{E3BA19BF-25D8-4007-AB03-3235CFD109C0}.Release|Any CPU.Build.0 = Release|Any CPU
		{B9B5B2DB-D218-4FDC-A468-A30BEA8BD305}.Debug|Any CPU.ActiveCfg = Debug|Any CPU
		{B9B5B2DB-D218-4FDC-A468-A30BEA8BD305}.Debug|Any CPU.Build.0 = Debug|Any CPU
		{B9B5B2DB-D218-4FDC-A468-A30BEA8BD305}.Release|Any CPU.ActiveCfg = Release|Any CPU
		{B9B5B2DB-D218-4FDC-A468-A30BEA8BD305}.Release|Any CPU.Build.0 = Release|Any CPU
		{03796D91-42C9-4A03-8FE4-63AB5EA313F6}.Debug|Any CPU.ActiveCfg = Debug|Any CPU
		{03796D91-42C9-4A03-8FE4-63AB5EA313F6}.Debug|Any CPU.Build.0 = Debug|Any CPU
		{03796D91-42C9-4A03-8FE4-63AB5EA313F6}.Release|Any CPU.ActiveCfg = Release|Any CPU
		{03796D91-42C9-4A03-8FE4-63AB5EA313F6}.Release|Any CPU.Build.0 = Release|Any CPU
		{4EE0B19C-0D47-4C3F-84BD-2448822DB8F7}.Debug|Any CPU.ActiveCfg = Debug|Any CPU
		{4EE0B19C-0D47-4C3F-84BD-2448822DB8F7}.Debug|Any CPU.Build.0 = Debug|Any CPU
		{4EE0B19C-0D47-4C3F-84BD-2448822DB8F7}.Release|Any CPU.ActiveCfg = Release|Any CPU
		{4EE0B19C-0D47-4C3F-84BD-2448822DB8F7}.Release|Any CPU.Build.0 = Release|Any CPU
		{29F8F2BD-D1AA-4E4E-82F2-DBBAAC62052B}.Debug|Any CPU.ActiveCfg = Debug|Any CPU
		{29F8F2BD-D1AA-4E4E-82F2-DBBAAC62052B}.Debug|Any CPU.Build.0 = Debug|Any CPU
		{29F8F2BD-D1AA-4E4E-82F2-DBBAAC62052B}.Release|Any CPU.ActiveCfg = Release|Any CPU
		{29F8F2BD-D1AA-4E4E-82F2-DBBAAC62052B}.Release|Any CPU.Build.0 = Release|Any CPU
		{47697441-6956-41CA-9F5E-903014A9A611}.Debug|Any CPU.ActiveCfg = Debug|Any CPU
		{47697441-6956-41CA-9F5E-903014A9A611}.Debug|Any CPU.Build.0 = Debug|Any CPU
		{47697441-6956-41CA-9F5E-903014A9A611}.Release|Any CPU.ActiveCfg = Release|Any CPU
		{47697441-6956-41CA-9F5E-903014A9A611}.Release|Any CPU.Build.0 = Release|Any CPU
		{4579AC55-C367-4400-AB48-7307388B755E}.Debug|Any CPU.ActiveCfg = Debug|Any CPU
		{4579AC55-C367-4400-AB48-7307388B755E}.Debug|Any CPU.Build.0 = Debug|Any CPU
		{4579AC55-C367-4400-AB48-7307388B755E}.Release|Any CPU.ActiveCfg = Release|Any CPU
		{4579AC55-C367-4400-AB48-7307388B755E}.Release|Any CPU.Build.0 = Release|Any CPU
		{C7C143AF-4F4E-437B-952F-A757A6DA3031}.Debug|Any CPU.ActiveCfg = Debug|Any CPU
		{C7C143AF-4F4E-437B-952F-A757A6DA3031}.Debug|Any CPU.Build.0 = Debug|Any CPU
		{C7C143AF-4F4E-437B-952F-A757A6DA3031}.Release|Any CPU.ActiveCfg = Release|Any CPU
		{C7C143AF-4F4E-437B-952F-A757A6DA3031}.Release|Any CPU.Build.0 = Release|Any CPU
		{83EC3328-ED04-45F2-945A-D1E349FE01B1}.Debug|Any CPU.ActiveCfg = Debug|Any CPU
		{83EC3328-ED04-45F2-945A-D1E349FE01B1}.Debug|Any CPU.Build.0 = Debug|Any CPU
		{83EC3328-ED04-45F2-945A-D1E349FE01B1}.Release|Any CPU.ActiveCfg = Release|Any CPU
		{83EC3328-ED04-45F2-945A-D1E349FE01B1}.Release|Any CPU.Build.0 = Release|Any CPU
		{8102EF16-266D-42EA-AFEF-E34B92BAFD13}.Debug|Any CPU.ActiveCfg = Debug|Any CPU
		{8102EF16-266D-42EA-AFEF-E34B92BAFD13}.Debug|Any CPU.Build.0 = Debug|Any CPU
		{8102EF16-266D-42EA-AFEF-E34B92BAFD13}.Release|Any CPU.ActiveCfg = Release|Any CPU
		{8102EF16-266D-42EA-AFEF-E34B92BAFD13}.Release|Any CPU.Build.0 = Release|Any CPU
		{09CC0D87-53F3-4406-8C9F-82758FA072E0}.Debug|Any CPU.ActiveCfg = Debug|Any CPU
		{09CC0D87-53F3-4406-8C9F-82758FA072E0}.Debug|Any CPU.Build.0 = Debug|Any CPU
		{09CC0D87-53F3-4406-8C9F-82758FA072E0}.Release|Any CPU.ActiveCfg = Release|Any CPU
		{09CC0D87-53F3-4406-8C9F-82758FA072E0}.Release|Any CPU.Build.0 = Release|Any CPU
		{81968BD6-14F7-4C4A-8420-C2782663124F}.Debug|Any CPU.ActiveCfg = Debug|Any CPU
		{81968BD6-14F7-4C4A-8420-C2782663124F}.Debug|Any CPU.Build.0 = Debug|Any CPU
		{81968BD6-14F7-4C4A-8420-C2782663124F}.Release|Any CPU.ActiveCfg = Release|Any CPU
		{81968BD6-14F7-4C4A-8420-C2782663124F}.Release|Any CPU.Build.0 = Release|Any CPU
		{6485D87C-FC65-4242-AD80-4DC2435592A0}.Debug|Any CPU.ActiveCfg = Debug|Any CPU
		{6485D87C-FC65-4242-AD80-4DC2435592A0}.Debug|Any CPU.Build.0 = Debug|Any CPU
		{6485D87C-FC65-4242-AD80-4DC2435592A0}.Release|Any CPU.ActiveCfg = Release|Any CPU
		{6485D87C-FC65-4242-AD80-4DC2435592A0}.Release|Any CPU.Build.0 = Release|Any CPU
		{829454D3-19E8-4E3B-9D87-146EF58C51A3}.Debug|Any CPU.ActiveCfg = Debug|Any CPU
		{829454D3-19E8-4E3B-9D87-146EF58C51A3}.Debug|Any CPU.Build.0 = Debug|Any CPU
		{829454D3-19E8-4E3B-9D87-146EF58C51A3}.Release|Any CPU.ActiveCfg = Release|Any CPU
		{829454D3-19E8-4E3B-9D87-146EF58C51A3}.Release|Any CPU.Build.0 = Release|Any CPU
		{F1FC9896-2D3A-4FA6-8367-282EEB27168D}.Debug|Any CPU.ActiveCfg = Debug|Any CPU
		{F1FC9896-2D3A-4FA6-8367-282EEB27168D}.Debug|Any CPU.Build.0 = Debug|Any CPU
		{F1FC9896-2D3A-4FA6-8367-282EEB27168D}.Release|Any CPU.ActiveCfg = Release|Any CPU
		{F1FC9896-2D3A-4FA6-8367-282EEB27168D}.Release|Any CPU.Build.0 = Release|Any CPU
		{1ED1AC58-0C9D-4EEE-BAE9-F9B11166E8AA}.Debug|Any CPU.ActiveCfg = Debug|Any CPU
		{1ED1AC58-0C9D-4EEE-BAE9-F9B11166E8AA}.Debug|Any CPU.Build.0 = Debug|Any CPU
		{1ED1AC58-0C9D-4EEE-BAE9-F9B11166E8AA}.Release|Any CPU.ActiveCfg = Release|Any CPU
		{1ED1AC58-0C9D-4EEE-BAE9-F9B11166E8AA}.Release|Any CPU.Build.0 = Release|Any CPU
		{D951A5C8-B2E3-4864-BA50-E262D56AD730}.Debug|Any CPU.ActiveCfg = Debug|Any CPU
		{D951A5C8-B2E3-4864-BA50-E262D56AD730}.Debug|Any CPU.Build.0 = Debug|Any CPU
		{D951A5C8-B2E3-4864-BA50-E262D56AD730}.Release|Any CPU.ActiveCfg = Release|Any CPU
		{D951A5C8-B2E3-4864-BA50-E262D56AD730}.Release|Any CPU.Build.0 = Release|Any CPU
		{241101B8-808B-4DD2-84CF-A31C4BFF968D}.Debug|Any CPU.ActiveCfg = Debug|Any CPU
		{241101B8-808B-4DD2-84CF-A31C4BFF968D}.Debug|Any CPU.Build.0 = Debug|Any CPU
		{241101B8-808B-4DD2-84CF-A31C4BFF968D}.Release|Any CPU.ActiveCfg = Release|Any CPU
		{241101B8-808B-4DD2-84CF-A31C4BFF968D}.Release|Any CPU.Build.0 = Release|Any CPU
		{EAF77448-5267-4D57-A357-4ACBD0E1C997}.Debug|Any CPU.ActiveCfg = Debug|Any CPU
		{EAF77448-5267-4D57-A357-4ACBD0E1C997}.Debug|Any CPU.Build.0 = Debug|Any CPU
		{EAF77448-5267-4D57-A357-4ACBD0E1C997}.Release|Any CPU.ActiveCfg = Release|Any CPU
		{EAF77448-5267-4D57-A357-4ACBD0E1C997}.Release|Any CPU.Build.0 = Release|Any CPU
		{17FF833A-1414-4C93-A932-6E4DA415FC61}.Debug|Any CPU.ActiveCfg = Debug|Any CPU
		{17FF833A-1414-4C93-A932-6E4DA415FC61}.Debug|Any CPU.Build.0 = Debug|Any CPU
		{17FF833A-1414-4C93-A932-6E4DA415FC61}.Release|Any CPU.ActiveCfg = Release|Any CPU
		{17FF833A-1414-4C93-A932-6E4DA415FC61}.Release|Any CPU.Build.0 = Release|Any CPU
		{7F38F749-E2AA-4B0C-B520-7853A06CAF23}.Debug|Any CPU.ActiveCfg = Debug|Any CPU
		{7F38F749-E2AA-4B0C-B520-7853A06CAF23}.Debug|Any CPU.Build.0 = Debug|Any CPU
		{7F38F749-E2AA-4B0C-B520-7853A06CAF23}.Release|Any CPU.ActiveCfg = Release|Any CPU
		{7F38F749-E2AA-4B0C-B520-7853A06CAF23}.Release|Any CPU.Build.0 = Release|Any CPU
		{CBC5A275-EA58-4182-8B71-F92A439B34A1}.Debug|Any CPU.ActiveCfg = Debug|Any CPU
		{CBC5A275-EA58-4182-8B71-F92A439B34A1}.Debug|Any CPU.Build.0 = Debug|Any CPU
		{CBC5A275-EA58-4182-8B71-F92A439B34A1}.Release|Any CPU.ActiveCfg = Release|Any CPU
		{CBC5A275-EA58-4182-8B71-F92A439B34A1}.Release|Any CPU.Build.0 = Release|Any CPU
		{36A02B02-E24D-4E71-B61A-010F7F4D4E5E}.Debug|Any CPU.ActiveCfg = Debug|Any CPU
		{36A02B02-E24D-4E71-B61A-010F7F4D4E5E}.Debug|Any CPU.Build.0 = Debug|Any CPU
		{36A02B02-E24D-4E71-B61A-010F7F4D4E5E}.Release|Any CPU.ActiveCfg = Release|Any CPU
		{36A02B02-E24D-4E71-B61A-010F7F4D4E5E}.Release|Any CPU.Build.0 = Release|Any CPU
		{3ED0527C-C300-40F0-BA0D-1AD80AB870BA}.Debug|Any CPU.ActiveCfg = Debug|Any CPU
		{3ED0527C-C300-40F0-BA0D-1AD80AB870BA}.Debug|Any CPU.Build.0 = Debug|Any CPU
		{3ED0527C-C300-40F0-BA0D-1AD80AB870BA}.Release|Any CPU.ActiveCfg = Release|Any CPU
		{3ED0527C-C300-40F0-BA0D-1AD80AB870BA}.Release|Any CPU.Build.0 = Release|Any CPU
	EndGlobalSection
	GlobalSection(SolutionProperties) = preSolution
		HideSolutionNode = FALSE
	EndGlobalSection
	GlobalSection(NestedProjects) = preSolution
		{BDF0A5BC-CFCF-452B-92FA-F96D4A80FE50} = {BAEF123B-964E-4F93-8497-27FAC86ABDE4}
		{B7C997A6-D129-4154-A2B5-6AA287F8964D} = {BDF0A5BC-CFCF-452B-92FA-F96D4A80FE50}
		{9B5FFFF5-1B4A-448B-BC16-9AD13D902752} = {BDF0A5BC-CFCF-452B-92FA-F96D4A80FE50}
		{7BC29692-703D-445B-975A-A7E055D3C5F8} = {BDF0A5BC-CFCF-452B-92FA-F96D4A80FE50}
		{A3A9E744-7F77-4B5F-BA0F-48DF53E7E02F} = {BDF0A5BC-CFCF-452B-92FA-F96D4A80FE50}
		{449D68F5-A312-40C6-8C52-1AB913248E74} = {BDF0A5BC-CFCF-452B-92FA-F96D4A80FE50}
		{A1667D2F-094A-40B8-BDBB-452DCA177911} = {BAEF123B-964E-4F93-8497-27FAC86ABDE4}
		{EA3661B1-4DD0-430D-83F8-FE2FEF657A92} = {A1667D2F-094A-40B8-BDBB-452DCA177911}
		{85414CEC-5698-4B76-8175-38A987C1FDFF} = {A1667D2F-094A-40B8-BDBB-452DCA177911}
		{66A13BE9-3870-4517-9B3A-E26B54B781E0} = {A1667D2F-094A-40B8-BDBB-452DCA177911}
		{2B9230E6-8CBA-43B0-ACEB-3BE57524ED75} = {A1667D2F-094A-40B8-BDBB-452DCA177911}
		{F05D3807-7A97-4476-A217-0732BE2F7735} = {BAEF123B-964E-4F93-8497-27FAC86ABDE4}
		{4AA8860B-87CE-4A1A-8A88-E4D07E7F383D} = {F05D3807-7A97-4476-A217-0732BE2F7735}
		{7ADC9C54-72D6-4D91-8789-F8A3BDD5F25A} = {F05D3807-7A97-4476-A217-0732BE2F7735}
		{B09984F8-E686-4756-B4C2-F39A97AB6007} = {F05D3807-7A97-4476-A217-0732BE2F7735}
		{E3BA19BF-25D8-4007-AB03-3235CFD109C0} = {F05D3807-7A97-4476-A217-0732BE2F7735}
		{630BA36A-BC85-46C7-8F4B-4A488A53CD3C} = {BAEF123B-964E-4F93-8497-27FAC86ABDE4}
		{B9B5B2DB-D218-4FDC-A468-A30BEA8BD305} = {630BA36A-BC85-46C7-8F4B-4A488A53CD3C}
		{03796D91-42C9-4A03-8FE4-63AB5EA313F6} = {630BA36A-BC85-46C7-8F4B-4A488A53CD3C}
		{4EE0B19C-0D47-4C3F-84BD-2448822DB8F7} = {630BA36A-BC85-46C7-8F4B-4A488A53CD3C}
		{29F8F2BD-D1AA-4E4E-82F2-DBBAAC62052B} = {630BA36A-BC85-46C7-8F4B-4A488A53CD3C}
		{47697441-6956-41CA-9F5E-903014A9A611} = {630BA36A-BC85-46C7-8F4B-4A488A53CD3C}
		{3DFB1CE4-D0C2-4354-AEE0-EA6427D92848} = {1D28688C-D6F2-4503-A21C-83EE52B7138A}
		{4579AC55-C367-4400-AB48-7307388B755E} = {3DFB1CE4-D0C2-4354-AEE0-EA6427D92848}
		{C7C143AF-4F4E-437B-952F-A757A6DA3031} = {3DFB1CE4-D0C2-4354-AEE0-EA6427D92848}
		{83EC3328-ED04-45F2-945A-D1E349FE01B1} = {3DFB1CE4-D0C2-4354-AEE0-EA6427D92848}
		{8102EF16-266D-42EA-AFEF-E34B92BAFD13} = {3DFB1CE4-D0C2-4354-AEE0-EA6427D92848}
		{09CC0D87-53F3-4406-8C9F-82758FA072E0} = {3DFB1CE4-D0C2-4354-AEE0-EA6427D92848}
		{12B8990C-89E0-4DA6-9459-470A1264D941} = {1D28688C-D6F2-4503-A21C-83EE52B7138A}
		{81968BD6-14F7-4C4A-8420-C2782663124F} = {12B8990C-89E0-4DA6-9459-470A1264D941}
		{6485D87C-FC65-4242-AD80-4DC2435592A0} = {12B8990C-89E0-4DA6-9459-470A1264D941}
		{829454D3-19E8-4E3B-9D87-146EF58C51A3} = {12B8990C-89E0-4DA6-9459-470A1264D941}
		{F1FC9896-2D3A-4FA6-8367-282EEB27168D} = {12B8990C-89E0-4DA6-9459-470A1264D941}
		{00D1B47C-4026-4B90-A660-849D2A3598A6} = {1D28688C-D6F2-4503-A21C-83EE52B7138A}
		{1ED1AC58-0C9D-4EEE-BAE9-F9B11166E8AA} = {00D1B47C-4026-4B90-A660-849D2A3598A6}
		{D951A5C8-B2E3-4864-BA50-E262D56AD730} = {00D1B47C-4026-4B90-A660-849D2A3598A6}
		{241101B8-808B-4DD2-84CF-A31C4BFF968D} = {00D1B47C-4026-4B90-A660-849D2A3598A6}
		{EAF77448-5267-4D57-A357-4ACBD0E1C997} = {00D1B47C-4026-4B90-A660-849D2A3598A6}
		{E50E5869-CFC3-488D-A6D9-5B399E538761} = {1D28688C-D6F2-4503-A21C-83EE52B7138A}
		{17FF833A-1414-4C93-A932-6E4DA415FC61} = {E50E5869-CFC3-488D-A6D9-5B399E538761}
		{7F38F749-E2AA-4B0C-B520-7853A06CAF23} = {E50E5869-CFC3-488D-A6D9-5B399E538761}
		{CBC5A275-EA58-4182-8B71-F92A439B34A1} = {E50E5869-CFC3-488D-A6D9-5B399E538761}
		{36A02B02-E24D-4E71-B61A-010F7F4D4E5E} = {E50E5869-CFC3-488D-A6D9-5B399E538761}
		{3ED0527C-C300-40F0-BA0D-1AD80AB870BA} = {E50E5869-CFC3-488D-A6D9-5B399E538761}
	EndGlobalSection
	GlobalSection(ExtensibilityGlobals) = postSolution
		SolutionGuid = {FC20A72A-9C9B-4758-BE68-7B6867080103}
	EndGlobalSection
EndGlobal
